// !$*UTF8*$!
{
	archiveVersion = 1;
	classes = {
	};
	objectVersion = 46;
	objects = {

/* Begin PBXBuildFile section */
		AB56879F197EAD8F00425750 /* Foundation.framework in Frameworks */ = {isa = PBXBuildFile; fileRef = AB56879E197EAD8F00425750 /* Foundation.framework */; };
		AB5687A1197EAD8F00425750 /* CoreGraphics.framework in Frameworks */ = {isa = PBXBuildFile; fileRef = AB5687A0197EAD8F00425750 /* CoreGraphics.framework */; };
		AB5687A3197EAD8F00425750 /* UIKit.framework in Frameworks */ = {isa = PBXBuildFile; fileRef = AB5687A2197EAD8F00425750 /* UIKit.framework */; };
		AB5687A9197EAD8F00425750 /* InfoPlist.strings in Resources */ = {isa = PBXBuildFile; fileRef = AB5687A7197EAD8F00425750 /* InfoPlist.strings */; };
		AB5687AB197EAD8F00425750 /* main.m in Sources */ = {isa = PBXBuildFile; fileRef = AB5687AA197EAD8F00425750 /* main.m */; };
		AB5687AF197EAD8F00425750 /* currywareAppDelegate.m in Sources */ = {isa = PBXBuildFile; fileRef = AB5687AE197EAD8F00425750 /* currywareAppDelegate.m */; };
		AB5687B2197EAD8F00425750 /* Main.storyboard in Resources */ = {isa = PBXBuildFile; fileRef = AB5687B0197EAD8F00425750 /* Main.storyboard */; };
		AB5687B5197EAD8F00425750 /* currywareFirstViewController.m in Sources */ = {isa = PBXBuildFile; fileRef = AB5687B4197EAD8F00425750 /* currywareFirstViewController.m */; };
		AB5687B8197EAD8F00425750 /* currywareSecondViewController.m in Sources */ = {isa = PBXBuildFile; fileRef = AB5687B7197EAD8F00425750 /* currywareSecondViewController.m */; };
		AB5687BA197EAD8F00425750 /* Images.xcassets in Resources */ = {isa = PBXBuildFile; fileRef = AB5687B9197EAD8F00425750 /* Images.xcassets */; };
		AB5687C1197EAD8F00425750 /* XCTest.framework in Frameworks */ = {isa = PBXBuildFile; fileRef = AB5687C0197EAD8F00425750 /* XCTest.framework */; };
		AB5687C2197EAD8F00425750 /* Foundation.framework in Frameworks */ = {isa = PBXBuildFile; fileRef = AB56879E197EAD8F00425750 /* Foundation.framework */; };
		AB5687C3197EAD8F00425750 /* UIKit.framework in Frameworks */ = {isa = PBXBuildFile; fileRef = AB5687A2197EAD8F00425750 /* UIKit.framework */; };
		AB5687CB197EAD8F00425750 /* InfoPlist.strings in Resources */ = {isa = PBXBuildFile; fileRef = AB5687C9197EAD8F00425750 /* InfoPlist.strings */; };
		AB5687CD197EAD9000425750 /* GaidsickwareTests.m in Sources */ = {isa = PBXBuildFile; fileRef = AB5687CC197EAD9000425750 /* GaidsickwareTests.m */; };
/* End PBXBuildFile section */

/* Begin PBXContainerItemProxy section */
		AB5687C4197EAD8F00425750 /* PBXContainerItemProxy */ = {
			isa = PBXContainerItemProxy;
			containerPortal = AB568793197EAD8F00425750 /* Project object */;
			proxyType = 1;
			remoteGlobalIDString = AB56879A197EAD8F00425750;
			remoteInfo = Gaidsickware;
		};
/* End PBXContainerItemProxy section */

/* Begin PBXFileReference section */
		AB56879B197EAD8F00425750 /* Gaidsickware.app */ = {isa = PBXFileReference; explicitFileType = wrapper.application; includeInIndex = 0; path = Gaidsickware.app; sourceTree = BUILT_PRODUCTS_DIR; };
		AB56879E197EAD8F00425750 /* Foundation.framework */ = {isa = PBXFileReference; lastKnownFileType = wrapper.framework; name = Foundation.framework; path = System/Library/Frameworks/Foundation.framework; sourceTree = SDKROOT; };
		AB5687A0197EAD8F00425750 /* CoreGraphics.framework */ = {isa = PBXFileReference; lastKnownFileType = wrapper.framework; name = CoreGraphics.framework; path = System/Library/Frameworks/CoreGraphics.framework; sourceTree = SDKROOT; };
		AB5687A2197EAD8F00425750 /* UIKit.framework */ = {isa = PBXFileReference; lastKnownFileType = wrapper.framework; name = UIKit.framework; path = System/Library/Frameworks/UIKit.framework; sourceTree = SDKROOT; };
		AB5687A6197EAD8F00425750 /* Gaidsickware-Info.plist */ = {isa = PBXFileReference; lastKnownFileType = text.plist.xml; path = "Gaidsickware-Info.plist"; sourceTree = "<group>"; };
		AB5687A8197EAD8F00425750 /* en */ = {isa = PBXFileReference; lastKnownFileType = text.plist.strings; name = en; path = en.lproj/InfoPlist.strings; sourceTree = "<group>"; };
		AB5687AA197EAD8F00425750 /* main.m */ = {isa = PBXFileReference; lastKnownFileType = sourcecode.c.objc; path = main.m; sourceTree = "<group>"; };
		AB5687AC197EAD8F00425750 /* Gaidsickware-Prefix.pch */ = {isa = PBXFileReference; lastKnownFileType = sourcecode.c.h; path = "Gaidsickware-Prefix.pch"; sourceTree = "<group>"; };
		AB5687AD197EAD8F00425750 /* currywareAppDelegate.h */ = {isa = PBXFileReference; lastKnownFileType = sourcecode.c.h; path = currywareAppDelegate.h; sourceTree = "<group>"; };
		AB5687AE197EAD8F00425750 /* currywareAppDelegate.m */ = {isa = PBXFileReference; lastKnownFileType = sourcecode.c.objc; path = currywareAppDelegate.m; sourceTree = "<group>"; };
		AB5687B1197EAD8F00425750 /* Base */ = {isa = PBXFileReference; lastKnownFileType = file.storyboard; name = Base; path = Base.lproj/Main.storyboard; sourceTree = "<group>"; };
		AB5687B3197EAD8F00425750 /* currywareFirstViewController.h */ = {isa = PBXFileReference; lastKnownFileType = sourcecode.c.h; path = currywareFirstViewController.h; sourceTree = "<group>"; };
		AB5687B4197EAD8F00425750 /* currywareFirstViewController.m */ = {isa = PBXFileReference; lastKnownFileType = sourcecode.c.objc; path = currywareFirstViewController.m; sourceTree = "<group>"; };
		AB5687B6197EAD8F00425750 /* currywareSecondViewController.h */ = {isa = PBXFileReference; lastKnownFileType = sourcecode.c.h; path = currywareSecondViewController.h; sourceTree = "<group>"; };
		AB5687B7197EAD8F00425750 /* currywareSecondViewController.m */ = {isa = PBXFileReference; lastKnownFileType = sourcecode.c.objc; path = currywareSecondViewController.m; sourceTree = "<group>"; };
		AB5687B9197EAD8F00425750 /* Images.xcassets */ = {isa = PBXFileReference; lastKnownFileType = folder.assetcatalog; path = Images.xcassets; sourceTree = "<group>"; };
		AB5687BF197EAD8F00425750 /* GaidsickwareTests.xctest */ = {isa = PBXFileReference; explicitFileType = wrapper.cfbundle; includeInIndex = 0; path = GaidsickwareTests.xctest; sourceTree = BUILT_PRODUCTS_DIR; };
		AB5687C0197EAD8F00425750 /* XCTest.framework */ = {isa = PBXFileReference; lastKnownFileType = wrapper.framework; name = XCTest.framework; path = Library/Frameworks/XCTest.framework; sourceTree = DEVELOPER_DIR; };
		AB5687C8197EAD8F00425750 /* GaidsickwareTests-Info.plist */ = {isa = PBXFileReference; lastKnownFileType = text.plist.xml; path = "GaidsickwareTests-Info.plist"; sourceTree = "<group>"; };
		AB5687CA197EAD8F00425750 /* en */ = {isa = PBXFileReference; lastKnownFileType = text.plist.strings; name = en; path = en.lproj/InfoPlist.strings; sourceTree = "<group>"; };
		AB5687CC197EAD9000425750 /* GaidsickwareTests.m */ = {isa = PBXFileReference; lastKnownFileType = sourcecode.c.objc; path = GaidsickwareTests.m; sourceTree = "<group>"; };
/* End PBXFileReference section */

/* Begin PBXFrameworksBuildPhase section */
		AB568798197EAD8F00425750 /* Frameworks */ = {
			isa = PBXFrameworksBuildPhase;
			buildActionMask = 2147483647;
			files = (
				AB5687A1197EAD8F00425750 /* CoreGraphics.framework in Frameworks */,
				AB5687A3197EAD8F00425750 /* UIKit.framework in Frameworks */,
				AB56879F197EAD8F00425750 /* Foundation.framework in Frameworks */,
			);
			runOnlyForDeploymentPostprocessing = 0;
		};
		AB5687BC197EAD8F00425750 /* Frameworks */ = {
			isa = PBXFrameworksBuildPhase;
			buildActionMask = 2147483647;
			files = (
				AB5687C1197EAD8F00425750 /* XCTest.framework in Frameworks */,
				AB5687C3197EAD8F00425750 /* UIKit.framework in Frameworks */,
				AB5687C2197EAD8F00425750 /* Foundation.framework in Frameworks */,
			);
			runOnlyForDeploymentPostprocessing = 0;
		};
/* End PBXFrameworksBuildPhase section */

/* Begin PBXGroup section */
		AB568792197EAD8F00425750 = {
			isa = PBXGroup;
			children = (
				AB5687A4197EAD8F00425750 /* Gaidsickware */,
				AB5687C6197EAD8F00425750 /* GaidsickwareTests */,
				AB56879D197EAD8F00425750 /* Frameworks */,
				AB56879C197EAD8F00425750 /* Products */,
			);
			sourceTree = "<group>";
		};
		AB56879C197EAD8F00425750 /* Products */ = {
			isa = PBXGroup;
			children = (
				AB56879B197EAD8F00425750 /* Gaidsickware.app */,
				AB5687BF197EAD8F00425750 /* GaidsickwareTests.xctest */,
			);
			name = Products;
			sourceTree = "<group>";
		};
		AB56879D197EAD8F00425750 /* Frameworks */ = {
			isa = PBXGroup;
			children = (
				AB56879E197EAD8F00425750 /* Foundation.framework */,
				AB5687A0197EAD8F00425750 /* CoreGraphics.framework */,
				AB5687A2197EAD8F00425750 /* UIKit.framework */,
				AB5687C0197EAD8F00425750 /* XCTest.framework */,
			);
			name = Frameworks;
			sourceTree = "<group>";
		};
		AB5687A4197EAD8F00425750 /* Gaidsickware */ = {
			isa = PBXGroup;
			children = (
				AB5687AD197EAD8F00425750 /* currywareAppDelegate.h */,
				AB5687AE197EAD8F00425750 /* currywareAppDelegate.m */,
				AB5687B0197EAD8F00425750 /* Main.storyboard */,
				AB5687B3197EAD8F00425750 /* currywareFirstViewController.h */,
				AB5687B4197EAD8F00425750 /* currywareFirstViewController.m */,
				AB5687B6197EAD8F00425750 /* currywareSecondViewController.h */,
				AB5687B7197EAD8F00425750 /* currywareSecondViewController.m */,
				AB5687B9197EAD8F00425750 /* Images.xcassets */,
				AB5687A5197EAD8F00425750 /* Supporting Files */,
			);
			path = Gaidsickware;
			sourceTree = "<group>";
		};
		AB5687A5197EAD8F00425750 /* Supporting Files */ = {
			isa = PBXGroup;
			children = (
				AB5687A6197EAD8F00425750 /* Gaidsickware-Info.plist */,
				AB5687A7197EAD8F00425750 /* InfoPlist.strings */,
				AB5687AA197EAD8F00425750 /* main.m */,
				AB5687AC197EAD8F00425750 /* Gaidsickware-Prefix.pch */,
			);
			name = "Supporting Files";
			sourceTree = "<group>";
		};
		AB5687C6197EAD8F00425750 /* GaidsickwareTests */ = {
			isa = PBXGroup;
			children = (
				AB5687CC197EAD9000425750 /* GaidsickwareTests.m */,
				AB5687C7197EAD8F00425750 /* Supporting Files */,
			);
			path = GaidsickwareTests;
			sourceTree = "<group>";
		};
		AB5687C7197EAD8F00425750 /* Supporting Files */ = {
			isa = PBXGroup;
			children = (
				AB5687C8197EAD8F00425750 /* GaidsickwareTests-Info.plist */,
				AB5687C9197EAD8F00425750 /* InfoPlist.strings */,
			);
			name = "Supporting Files";
			sourceTree = "<group>";
		};
/* End PBXGroup section */

/* Begin PBXNativeTarget section */
		AB56879A197EAD8F00425750 /* Gaidsickware */ = {
			isa = PBXNativeTarget;
			buildConfigurationList = AB5687D0197EAD9000425750 /* Build configuration list for PBXNativeTarget "Gaidsickware" */;
			buildPhases = (
				AB568797197EAD8F00425750 /* Sources */,
				AB568798197EAD8F00425750 /* Frameworks */,
				AB568799197EAD8F00425750 /* Resources */,
			);
			buildRules = (
			);
			dependencies = (
			);
			name = Gaidsickware;
			productName = Gaidsickware;
			productReference = AB56879B197EAD8F00425750 /* Gaidsickware.app */;
			productType = "com.apple.product-type.application";
		};
		AB5687BE197EAD8F00425750 /* GaidsickwareTests */ = {
			isa = PBXNativeTarget;
			buildConfigurationList = AB5687D3197EAD9000425750 /* Build configuration list for PBXNativeTarget "GaidsickwareTests" */;
			buildPhases = (
				AB5687BB197EAD8F00425750 /* Sources */,
				AB5687BC197EAD8F00425750 /* Frameworks */,
				AB5687BD197EAD8F00425750 /* Resources */,
			);
			buildRules = (
			);
			dependencies = (
				AB5687C5197EAD8F00425750 /* PBXTargetDependency */,
			);
			name = GaidsickwareTests;
			productName = GaidsickwareTests;
			productReference = AB5687BF197EAD8F00425750 /* GaidsickwareTests.xctest */;
			productType = "com.apple.product-type.bundle.unit-test";
		};
/* End PBXNativeTarget section */

/* Begin PBXProject section */
		AB568793197EAD8F00425750 /* Project object */ = {
			isa = PBXProject;
			attributes = {
				CLASSPREFIX = curryware;
				LastUpgradeCheck = 0510;
				ORGANIZATIONNAME = "Scot Curry";
				TargetAttributes = {
					AB5687BE197EAD8F00425750 = {
						TestTargetID = AB56879A197EAD8F00425750;
					};
				};
			};
			buildConfigurationList = AB568796197EAD8F00425750 /* Build configuration list for PBXProject "Gaidsickware" */;
			compatibilityVersion = "Xcode 3.2";
			developmentRegion = English;
			hasScannedForEncodings = 0;
			knownRegions = (
				en,
				Base,
			);
			mainGroup = AB568792197EAD8F00425750;
			productRefGroup = AB56879C197EAD8F00425750 /* Products */;
			projectDirPath = "";
			projectRoot = "";
			targets = (
				AB56879A197EAD8F00425750 /* Gaidsickware */,
				AB5687BE197EAD8F00425750 /* GaidsickwareTests */,
			);
		};
/* End PBXProject section */

/* Begin PBXResourcesBuildPhase section */
		AB568799197EAD8F00425750 /* Resources */ = {
			isa = PBXResourcesBuildPhase;
			buildActionMask = 2147483647;
			files = (
				AB5687BA197EAD8F00425750 /* Images.xcassets in Resources */,
				AB5687A9197EAD8F00425750 /* InfoPlist.strings in Resources */,
				AB5687B2197EAD8F00425750 /* Main.storyboard in Resources */,
			);
			runOnlyForDeploymentPostprocessing = 0;
		};
		AB5687BD197EAD8F00425750 /* Resources */ = {
			isa = PBXResourcesBuildPhase;
			buildActionMask = 2147483647;
			files = (
				AB5687CB197EAD8F00425750 /* InfoPlist.strings in Resources */,
			);
			runOnlyForDeploymentPostprocessing = 0;
		};
/* End PBXResourcesBuildPhase section */

/* Begin PBXSourcesBuildPhase section */
		AB568797197EAD8F00425750 /* Sources */ = {
			isa = PBXSourcesBuildPhase;
			buildActionMask = 2147483647;
			files = (
				AB5687AB197EAD8F00425750 /* main.m in Sources */,
				AB5687B8197EAD8F00425750 /* currywareSecondViewController.m in Sources */,
				AB5687B5197EAD8F00425750 /* currywareFirstViewController.m in Sources */,
				AB5687AF197EAD8F00425750 /* currywareAppDelegate.m in Sources */,
			);
			runOnlyForDeploymentPostprocessing = 0;
		};
		AB5687BB197EAD8F00425750 /* Sources */ = {
			isa = PBXSourcesBuildPhase;
			buildActionMask = 2147483647;
			files = (
				AB5687CD197EAD9000425750 /* GaidsickwareTests.m in Sources */,
			);
			runOnlyForDeploymentPostprocessing = 0;
		};
/* End PBXSourcesBuildPhase section */

/* Begin PBXTargetDependency section */
		AB5687C5197EAD8F00425750 /* PBXTargetDependency */ = {
			isa = PBXTargetDependency;
			target = AB56879A197EAD8F00425750 /* Gaidsickware */;
			targetProxy = AB5687C4197EAD8F00425750 /* PBXContainerItemProxy */;
		};
/* End PBXTargetDependency section */

/* Begin PBXVariantGroup section */
		AB5687A7197EAD8F00425750 /* InfoPlist.strings */ = {
			isa = PBXVariantGroup;
			children = (
				AB5687A8197EAD8F00425750 /* en */,
			);
			name = InfoPlist.strings;
			sourceTree = "<group>";
		};
		AB5687B0197EAD8F00425750 /* Main.storyboard */ = {
			isa = PBXVariantGroup;
			children = (
				AB5687B1197EAD8F00425750 /* Base */,
			);
			name = Main.storyboard;
			sourceTree = "<group>";
		};
		AB5687C9197EAD8F00425750 /* InfoPlist.strings */ = {
			isa = PBXVariantGroup;
			children = (
				AB5687CA197EAD8F00425750 /* en */,
			);
			name = InfoPlist.strings;
			sourceTree = "<group>";
		};
/* End PBXVariantGroup section */

/* Begin XCBuildConfiguration section */
		AB5687CE197EAD9000425750 /* Debug */ = {
			isa = XCBuildConfiguration;
			buildSettings = {
				ALWAYS_SEARCH_USER_PATHS = NO;
				CLANG_CXX_LANGUAGE_STANDARD = "gnu++0x";
				CLANG_CXX_LIBRARY = "libc++";
				CLANG_ENABLE_MODULES = YES;
				CLANG_ENABLE_OBJC_ARC = YES;
				CLANG_WARN_BOOL_CONVERSION = YES;
				CLANG_WARN_CONSTANT_CONVERSION = YES;
				CLANG_WARN_DIRECT_OBJC_ISA_USAGE = YES_ERROR;
				CLANG_WARN_EMPTY_BODY = YES;
				CLANG_WARN_ENUM_CONVERSION = YES;
				CLANG_WARN_INT_CONVERSION = YES;
				CLANG_WARN_OBJC_ROOT_CLASS = YES_ERROR;
				CLANG_WARN__DUPLICATE_METHOD_MATCH = YES;
				"CODE_SIGN_IDENTITY[sdk=iphoneos*]" = "iPhone Developer";
				COPY_PHASE_STRIP = NO;
				GCC_C_LANGUAGE_STANDARD = gnu99;
				GCC_DYNAMIC_NO_PIC = NO;
				GCC_OPTIMIZATION_LEVEL = 0;
				GCC_PREPROCESSOR_DEFINITIONS = (
					"DEBUG=1",
					"$(inherited)",
				);
				GCC_SYMBOLS_PRIVATE_EXTERN = NO;
				GCC_WARN_64_TO_32_BIT_CONVERSION = YES;
				GCC_WARN_ABOUT_RETURN_TYPE = YES_ERROR;
				GCC_WARN_UNDECLARED_SELECTOR = YES;
				GCC_WARN_UNINITIALIZED_AUTOS = YES_AGGRESSIVE;
				GCC_WARN_UNUSED_FUNCTION = YES;
				GCC_WARN_UNUSED_VARIABLE = YES;
				IPHONEOS_DEPLOYMENT_TARGET = 7.1;
				ONLY_ACTIVE_ARCH = YES;
				SDKROOT = iphoneos;
				TARGETED_DEVICE_FAMILY = 2;
			};
			name = Debug;
		};
		AB5687CF197EAD9000425750 /* Release */ = {
			isa = XCBuildConfiguration;
			buildSettings = {
				ALWAYS_SEARCH_USER_PATHS = NO;
				CLANG_CXX_LANGUAGE_STANDARD = "gnu++0x";
				CLANG_CXX_LIBRARY = "libc++";
				CLANG_ENABLE_MODULES = YES;
				CLANG_ENABLE_OBJC_ARC = YES;
				CLANG_WARN_BOOL_CONVERSION = YES;
				CLANG_WARN_CONSTANT_CONVERSION = YES;
				CLANG_WARN_DIRECT_OBJC_ISA_USAGE = YES_ERROR;
				CLANG_WARN_EMPTY_BODY = YES;
				CLANG_WARN_ENUM_CONVERSION = YES;
				CLANG_WARN_INT_CONVERSION = YES;
				CLANG_WARN_OBJC_ROOT_CLASS = YES_ERROR;
				CLANG_WARN__DUPLICATE_METHOD_MATCH = YES;
				"CODE_SIGN_IDENTITY[sdk=iphoneos*]" = "iPhone Developer";
				COPY_PHASE_STRIP = YES;
				ENABLE_NS_ASSERTIONS = NO;
				GCC_C_LANGUAGE_STANDARD = gnu99;
				GCC_WARN_64_TO_32_BIT_CONVERSION = YES;
				GCC_WARN_ABOUT_RETURN_TYPE = YES_ERROR;
				GCC_WARN_UNDECLARED_SELECTOR = YES;
				GCC_WARN_UNINITIALIZED_AUTOS = YES_AGGRESSIVE;
				GCC_WARN_UNUSED_FUNCTION = YES;
				GCC_WARN_UNUSED_VARIABLE = YES;
				IPHONEOS_DEPLOYMENT_TARGET = 7.1;
				SDKROOT = iphoneos;
				TARGETED_DEVICE_FAMILY = 2;
				VALIDATE_PRODUCT = YES;
			};
			name = Release;
		};
		AB5687D1197EAD9000425750 /* Debug */ = {
			isa = XCBuildConfiguration;
			buildSettings = {
				ASSETCATALOG_COMPILER_APPICON_NAME = AppIcon;
				ASSETCATALOG_COMPILER_LAUNCHIMAGE_NAME = LaunchImage;
				GCC_PRECOMPILE_PREFIX_HEADER = YES;
				GCC_PREFIX_HEADER = "Gaidsickware/Gaidsickware-Prefix.pch";
				INFOPLIST_FILE = "Gaidsickware/Gaidsickware-Info.plist";
				PRODUCT_NAME = "$(TARGET_NAME)";
				WRAPPER_EXTENSION = app;
			};
			name = Debug;
		};
		AB5687D2197EAD9000425750 /* Release */ = {
			isa = XCBuildConfiguration;
			buildSettings = {
				ASSETCATALOG_COMPILER_APPICON_NAME = AppIcon;
				ASSETCATALOG_COMPILER_LAUNCHIMAGE_NAME = LaunchImage;
				GCC_PRECOMPILE_PREFIX_HEADER = YES;
				GCC_PREFIX_HEADER = "Gaidsickware/Gaidsickware-Prefix.pch";
				INFOPLIST_FILE = "Gaidsickware/Gaidsickware-Info.plist";
				PRODUCT_NAME = "$(TARGET_NAME)";
				WRAPPER_EXTENSION = app;
			};
			name = Release;
		};
		AB5687D4197EAD9000425750 /* Debug */ = {
			isa = XCBuildConfiguration;
			buildSettings = {
				BUNDLE_LOADER = "$(BUILT_PRODUCTS_DIR)/Gaidsickware.app/Gaidsickware";
				FRAMEWORK_SEARCH_PATHS = (
					"$(SDKROOT)/Developer/Library/Frameworks",
					"$(inherited)",
					"$(DEVELOPER_FRAMEWORKS_DIR)",
				);
				GCC_PRECOMPILE_PREFIX_HEADER = YES;
				GCC_PREFIX_HEADER = "Gaidsickware/Gaidsickware-Prefix.pch";
				GCC_PREPROCESSOR_DEFINITIONS = (
					"DEBUG=1",
					"$(inherited)",
				);
				INFOPLIST_FILE = "GaidsickwareTests/GaidsickwareTests-Info.plist";
				PRODUCT_NAME = "$(TARGET_NAME)";
				TEST_HOST = "$(BUNDLE_LOADER)";
				WRAPPER_EXTENSION = xctest;
			};
			name = Debug;
		};
		AB5687D5197EAD9000425750 /* Release */ = {
			isa = XCBuildConfiguration;
			buildSettings = {
				BUNDLE_LOADER = "$(BUILT_PRODUCTS_DIR)/Gaidsickware.app/Gaidsickware";
				FRAMEWORK_SEARCH_PATHS = (
					"$(SDKROOT)/Developer/Library/Frameworks",
					"$(inherited)",
					"$(DEVELOPER_FRAMEWORKS_DIR)",
				);
				GCC_PRECOMPILE_PREFIX_HEADER = YES;
				GCC_PREFIX_HEADER = "Gaidsickware/Gaidsickware-Prefix.pch";
				INFOPLIST_FILE = "GaidsickwareTests/GaidsickwareTests-Info.plist";
				PRODUCT_NAME = "$(TARGET_NAME)";
				TEST_HOST = "$(BUNDLE_LOADER)";
				WRAPPER_EXTENSION = xctest;
			};
			name = Release;
		};
/* End XCBuildConfiguration section */

/* Begin XCConfigurationList section */
		AB568796197EAD8F00425750 /* Build configuration list for PBXProject "Gaidsickware" */ = {
			isa = XCConfigurationList;
			buildConfigurations = (
				AB5687CE197EAD9000425750 /* Debug */,
				AB5687CF197EAD9000425750 /* Release */,
			);
			defaultConfigurationIsVisible = 0;
			defaultConfigurationName = Release;
		};
		AB5687D0197EAD9000425750 /* Build configuration list for PBXNativeTarget "Gaidsickware" */ = {
			isa = XCConfigurationList;
			buildConfigurations = (
				AB5687D1197EAD9000425750 /* Debug */,
				AB5687D2197EAD9000425750 /* Release */,
			);
			defaultConfigurationIsVisible = 0;
		};
		AB5687D3197EAD9000425750 /* Build configuration list for PBXNativeTarget "GaidsickwareTests" */ = {
			isa = XCConfigurationList;
			buildConfigurations = (
				AB5687D4197EAD9000425750 /* Debug */,
				AB5687D5197EAD9000425750 /* Release */,
			);
			defaultConfigurationIsVisible = 0;
		};
/* End XCConfigurationList section */
	};
	rootObject = AB568793197EAD8F00425750 /* Project object */;
}
